
Microsoft Visual Studio Solution File, Format Version 12.00
# Visual Studio Version 17
VisualStudioVersion = 17.0.31903.59
MinimumVisualStudioVersion = 10.0.40219.1
Project("{2150E333-8FDC-42A3-9474-1A3956D46DE8}") = "CQRS-ES", "CQRS-ES", "{1ABC7774-C84A-4790-8853-6E22993C9D82}"
EndProject
Project("{2150E333-8FDC-42A3-9474-1A3956D46DE8}") = "SM-Post", "SM-Post", "{36AA10B0-8AB3-463C-AB4F-37F0AC6F434E}"
EndProject
Project("{9A19103F-16F7-4668-BE54-9A1E7A4F7556}") = "CQRS.Core", "CQRS-ES\CQRS.Core\CQRS.Core.csproj", "{E44361E3-B94B-4269-A572-62AA29601644}"
EndProject
Project("{9A19103F-16F7-4668-BE54-9A1E7A4F7556}") = "Post.Cmd.Api", "SM-Post\Post.Cmd\Post.Cmd.Api\Post.Cmd.Api.csproj", "{38FDE5FB-90EC-47C1-8E20-A7460350B532}"
EndProject
Project("{9A19103F-16F7-4668-BE54-9A1E7A4F7556}") = "Post.Cmd.Domain", "SM-Post\Post.Cmd\Post.Cmd.Domain\Post.Cmd.Domain.csproj", "{CE59EA7E-44A6-49F7-8799-6881E6B4FCE6}"
EndProject
Project("{9A19103F-16F7-4668-BE54-9A1E7A4F7556}") = "Post.Cmd.Infrastructure", "SM-Post\Post.Cmd\Post.Cmd.Infrastructure\Post.Cmd.Infrastructure.csproj", "{105B571A-B0F8-46E3-9E09-7B7EA5889F35}"
EndProject
Project("{9A19103F-16F7-4668-BE54-9A1E7A4F7556}") = "Post.Common", "SM-Post\Post.Common\Post.Common.csproj", "{7E33D6AB-A70D-41FE-A05B-D0D01F4783EA}"
EndProject
Project("{9A19103F-16F7-4668-BE54-9A1E7A4F7556}") = "Post.Query.Api", "SM-Post\Post.Query\Post.Query.Api\Post.Query.Api.csproj", "{9862B447-B118-4968-A1EC-EBFA164FA16D}"
EndProject
Project("{9A19103F-16F7-4668-BE54-9A1E7A4F7556}") = "Post.Query.Domain", "SM-Post\Post.Query\Post.Query.Domain\Post.Query.Domain.csproj", "{CC0CF2E8-6FCF-4196-B67B-7A24C726F713}"
EndProject
Project("{9A19103F-16F7-4668-BE54-9A1E7A4F7556}") = "Post.Query.Infrastructure", "SM-Post\Post.Query\Post.Query.Infrastructure\Post.Query.Infrastructure.csproj", "{5823B5C6-7E92-4F9A-8621-67003F2F091B}"
EndProject
Project("{2150E333-8FDC-42A3-9474-1A3956D46DE8}") = "Command", "Command", "{F0CF48C6-7B59-45C9-8786-3873DDC7D60B}"
EndProject
Project("{2150E333-8FDC-42A3-9474-1A3956D46DE8}") = "Query", "Query", "{B295BD02-D046-46AE-973D-9E67CCE23292}"
EndProject
Global
	GlobalSection(SolutionConfigurationPlatforms) = preSolution
		Debug|Any CPU = Debug|Any CPU
		Release|Any CPU = Release|Any CPU
	EndGlobalSection
	GlobalSection(ProjectConfigurationPlatforms) = postSolution
		{E44361E3-B94B-4269-A572-62AA29601644}.Debug|Any CPU.ActiveCfg = Debug|Any CPU
		{E44361E3-B94B-4269-A572-62AA29601644}.Debug|Any CPU.Build.0 = Debug|Any CPU
		{E44361E3-B94B-4269-A572-62AA29601644}.Release|Any CPU.ActiveCfg = Release|Any CPU
		{E44361E3-B94B-4269-A572-62AA29601644}.Release|Any CPU.Build.0 = Release|Any CPU
		{38FDE5FB-90EC-47C1-8E20-A7460350B532}.Debug|Any CPU.ActiveCfg = Debug|Any CPU
		{38FDE5FB-90EC-47C1-8E20-A7460350B532}.Debug|Any CPU.Build.0 = Debug|Any CPU
		{38FDE5FB-90EC-47C1-8E20-A7460350B532}.Release|Any CPU.ActiveCfg = Release|Any CPU
		{38FDE5FB-90EC-47C1-8E20-A7460350B532}.Release|Any CPU.Build.0 = Release|Any CPU
		{CE59EA7E-44A6-49F7-8799-6881E6B4FCE6}.Debug|Any CPU.ActiveCfg = Debug|Any CPU
		{CE59EA7E-44A6-49F7-8799-6881E6B4FCE6}.Debug|Any CPU.Build.0 = Debug|Any CPU
		{CE59EA7E-44A6-49F7-8799-6881E6B4FCE6}.Release|Any CPU.ActiveCfg = Release|Any CPU
		{CE59EA7E-44A6-49F7-8799-6881E6B4FCE6}.Release|Any CPU.Build.0 = Release|Any CPU
		{105B571A-B0F8-46E3-9E09-7B7EA5889F35}.Debug|Any CPU.ActiveCfg = Debug|Any CPU
		{105B571A-B0F8-46E3-9E09-7B7EA5889F35}.Debug|Any CPU.Build.0 = Debug|Any CPU
		{105B571A-B0F8-46E3-9E09-7B7EA5889F35}.Release|Any CPU.ActiveCfg = Release|Any CPU
		{105B571A-B0F8-46E3-9E09-7B7EA5889F35}.Release|Any CPU.Build.0 = Release|Any CPU
		{7E33D6AB-A70D-41FE-A05B-D0D01F4783EA}.Debug|Any CPU.ActiveCfg = Debug|Any CPU
		{7E33D6AB-A70D-41FE-A05B-D0D01F4783EA}.Debug|Any CPU.Build.0 = Debug|Any CPU
		{7E33D6AB-A70D-41FE-A05B-D0D01F4783EA}.Release|Any CPU.ActiveCfg = Release|Any CPU
		{7E33D6AB-A70D-41FE-A05B-D0D01F4783EA}.Release|Any CPU.Build.0 = Release|Any CPU
		{9862B447-B118-4968-A1EC-EBFA164FA16D}.Debug|Any CPU.ActiveCfg = Debug|Any CPU
		{9862B447-B118-4968-A1EC-EBFA164FA16D}.Debug|Any CPU.Build.0 = Debug|Any CPU
		{9862B447-B118-4968-A1EC-EBFA164FA16D}.Release|Any CPU.ActiveCfg = Release|Any CPU
		{9862B447-B118-4968-A1EC-EBFA164FA16D}.Release|Any CPU.Build.0 = Release|Any CPU
		{CC0CF2E8-6FCF-4196-B67B-7A24C726F713}.Debug|Any CPU.ActiveCfg = Debug|Any CPU
		{CC0CF2E8-6FCF-4196-B67B-7A24C726F713}.Debug|Any CPU.Build.0 = Debug|Any CPU
		{CC0CF2E8-6FCF-4196-B67B-7A24C726F713}.Release|Any CPU.ActiveCfg = Release|Any CPU
		{CC0CF2E8-6FCF-4196-B67B-7A24C726F713}.Release|Any CPU.Build.0 = Release|Any CPU
		{5823B5C6-7E92-4F9A-8621-67003F2F091B}.Debug|Any CPU.ActiveCfg = Debug|Any CPU
		{5823B5C6-7E92-4F9A-8621-67003F2F091B}.Debug|Any CPU.Build.0 = Debug|Any CPU
		{5823B5C6-7E92-4F9A-8621-67003F2F091B}.Release|Any CPU.ActiveCfg = Release|Any CPU
		{5823B5C6-7E92-4F9A-8621-67003F2F091B}.Release|Any CPU.Build.0 = Release|Any CPU
	EndGlobalSection
	GlobalSection(SolutionProperties) = preSolution
		HideSolutionNode = FALSE
	EndGlobalSection
	GlobalSection(NestedProjects) = preSolution
		{E44361E3-B94B-4269-A572-62AA29601644} = {1ABC7774-C84A-4790-8853-6E22993C9D82}
		{38FDE5FB-90EC-47C1-8E20-A7460350B532} = {F0CF48C6-7B59-45C9-8786-3873DDC7D60B}
		{CE59EA7E-44A6-49F7-8799-6881E6B4FCE6} = {F0CF48C6-7B59-45C9-8786-3873DDC7D60B}
		{105B571A-B0F8-46E3-9E09-7B7EA5889F35} = {F0CF48C6-7B59-45C9-8786-3873DDC7D60B}
		{7E33D6AB-A70D-41FE-A05B-D0D01F4783EA} = {36AA10B0-8AB3-463C-AB4F-37F0AC6F434E}
		{9862B447-B118-4968-A1EC-EBFA164FA16D} = {B295BD02-D046-46AE-973D-9E67CCE23292}
		{CC0CF2E8-6FCF-4196-B67B-7A24C726F713} = {B295BD02-D046-46AE-973D-9E67CCE23292}
		{5823B5C6-7E92-4F9A-8621-67003F2F091B} = {B295BD02-D046-46AE-973D-9E67CCE23292}
		{F0CF48C6-7B59-45C9-8786-3873DDC7D60B} = {36AA10B0-8AB3-463C-AB4F-37F0AC6F434E}
		{B295BD02-D046-46AE-973D-9E67CCE23292} = {36AA10B0-8AB3-463C-AB4F-37F0AC6F434E}
	EndGlobalSection
	GlobalSection(ExtensibilityGlobals) = postSolution
		SolutionGuid = {D78DBDD0-71AB-4BF2-B10A-BB667D87E118}
	EndGlobalSection
EndGlobal
